
Microsoft Visual Studio Solution File, Format Version 12.00
# Visual Studio Version 16
VisualStudioVersion = 16.0.31205.134
MinimumVisualStudioVersion = 10.0.40219.1
Project("{FAE04EC0-301F-11D3-BF4B-00C04F79EFBC}") = "Exe10_137", "Exe10_137\Exe10_137.csproj", "{1E31C65A-E073-464E-BE8E-39C07B134090}"
EndProject
Global
	GlobalSection(SolutionConfigurationPlatforms) = preSolution
		Debug|Any CPU = Debug|Any CPU
		Release|Any CPU = Release|Any CPU
	EndGlobalSection
	GlobalSection(ProjectConfigurationPlatforms) = postSolution
		{1E31C65A-E073-464E-BE8E-39C07B134090}.Debug|Any CPU.ActiveCfg = Debug|Any CPU
		{1E31C65A-E073-464E-BE8E-39C07B134090}.Debug|Any CPU.Build.0 = Debug|Any CPU
		{1E31C65A-E073-464E-BE8E-39C07B134090}.Release|Any CPU.ActiveCfg = Release|Any CPU
		{1E31C65A-E073-464E-BE8E-39C07B134090}.Release|Any CPU.Build.0 = Release|Any CPU
	EndGlobalSection
	GlobalSection(SolutionProperties) = preSolution
		HideSolutionNode = FALSE
	EndGlobalSection
	GlobalSection(ExtensibilityGlobals) = postSolution
		SolutionGuid = {ABDDACE6-0368-4EAC-ACC5-F2F03C5E2AF2}
	EndGlobalSection
EndGlobal
