
Microsoft Visual Studio Solution File, Format Version 12.00
# Visual Studio Version 16
VisualStudioVersion = 16.0.31205.134
MinimumVisualStudioVersion = 10.0.40219.1
Project("{FAE04EC0-301F-11D3-BF4B-00C04F79EFBC}") = "Exe10_131", "Exe10_131\Exe10_131.csproj", "{6DD3D683-8C5D-4CAC-A71A-F5A733B778F9}"
EndProject
Global
	GlobalSection(SolutionConfigurationPlatforms) = preSolution
		Debug|Any CPU = Debug|Any CPU
		Release|Any CPU = Release|Any CPU
	EndGlobalSection
	GlobalSection(ProjectConfigurationPlatforms) = postSolution
		{6DD3D683-8C5D-4CAC-A71A-F5A733B778F9}.Debug|Any CPU.ActiveCfg = Debug|Any CPU
		{6DD3D683-8C5D-4CAC-A71A-F5A733B778F9}.Debug|Any CPU.Build.0 = Debug|Any CPU
		{6DD3D683-8C5D-4CAC-A71A-F5A733B778F9}.Release|Any CPU.ActiveCfg = Release|Any CPU
		{6DD3D683-8C5D-4CAC-A71A-F5A733B778F9}.Release|Any CPU.Build.0 = Release|Any CPU
	EndGlobalSection
	GlobalSection(SolutionProperties) = preSolution
		HideSolutionNode = FALSE
	EndGlobalSection
	GlobalSection(ExtensibilityGlobals) = postSolution
		SolutionGuid = {79EF127D-3A15-47F3-BA50-0C5F4664A1DF}
	EndGlobalSection
EndGlobal
