
Microsoft Visual Studio Solution File, Format Version 12.00
# Visual Studio Version 16
VisualStudioVersion = 16.0.31129.286
MinimumVisualStudioVersion = 10.0.40219.1
Project("{FAE04EC0-301F-11D3-BF4B-00C04F79EFBC}") = "While", "While\While.csproj", "{9DC2F7AB-8DFB-43A8-89F0-4327B01245C7}"
EndProject
Global
	GlobalSection(SolutionConfigurationPlatforms) = preSolution
		Debug|Any CPU = Debug|Any CPU
		Release|Any CPU = Release|Any CPU
	EndGlobalSection
	GlobalSection(ProjectConfigurationPlatforms) = postSolution
		{9DC2F7AB-8DFB-43A8-89F0-4327B01245C7}.Debug|Any CPU.ActiveCfg = Debug|Any CPU
		{9DC2F7AB-8DFB-43A8-89F0-4327B01245C7}.Debug|Any CPU.Build.0 = Debug|Any CPU
		{9DC2F7AB-8DFB-43A8-89F0-4327B01245C7}.Release|Any CPU.ActiveCfg = Release|Any CPU
		{9DC2F7AB-8DFB-43A8-89F0-4327B01245C7}.Release|Any CPU.Build.0 = Release|Any CPU
	EndGlobalSection
	GlobalSection(SolutionProperties) = preSolution
		HideSolutionNode = FALSE
	EndGlobalSection
	GlobalSection(ExtensibilityGlobals) = postSolution
		SolutionGuid = {8E236F2D-9F3C-4EB9-ABC2-2CE4A893CE51}
	EndGlobalSection
EndGlobal
