
Microsoft Visual Studio Solution File, Format Version 12.00
# Visual Studio Version 16
VisualStudioVersion = 16.0.31205.134
MinimumVisualStudioVersion = 10.0.40219.1
Project("{FAE04EC0-301F-11D3-BF4B-00C04F79EFBC}") = "DIO_Coxinhas", "DIO_Coxinhas\DIO_Coxinhas.csproj", "{657E44EF-5F7D-43A0-83BF-2D9F45FB1C4E}"
EndProject
Global
	GlobalSection(SolutionConfigurationPlatforms) = preSolution
		Debug|Any CPU = Debug|Any CPU
		Release|Any CPU = Release|Any CPU
	EndGlobalSection
	GlobalSection(ProjectConfigurationPlatforms) = postSolution
		{657E44EF-5F7D-43A0-83BF-2D9F45FB1C4E}.Debug|Any CPU.ActiveCfg = Debug|Any CPU
		{657E44EF-5F7D-43A0-83BF-2D9F45FB1C4E}.Debug|Any CPU.Build.0 = Debug|Any CPU
		{657E44EF-5F7D-43A0-83BF-2D9F45FB1C4E}.Release|Any CPU.ActiveCfg = Release|Any CPU
		{657E44EF-5F7D-43A0-83BF-2D9F45FB1C4E}.Release|Any CPU.Build.0 = Release|Any CPU
	EndGlobalSection
	GlobalSection(SolutionProperties) = preSolution
		HideSolutionNode = FALSE
	EndGlobalSection
	GlobalSection(ExtensibilityGlobals) = postSolution
		SolutionGuid = {76EFD4BF-DDA0-4F10-8E76-A89E7F145764}
	EndGlobalSection
EndGlobal
