
Microsoft Visual Studio Solution File, Format Version 12.00
# Visual Studio Version 16
VisualStudioVersion = 16.0.31205.134
MinimumVisualStudioVersion = 10.0.40219.1
Project("{FAE04EC0-301F-11D3-BF4B-00C04F79EFBC}") = "Exe09_119", "Exe09_119\Exe09_119.csproj", "{D24FF102-860F-4E70-B86A-68881BE26E2C}"
EndProject
Global
	GlobalSection(SolutionConfigurationPlatforms) = preSolution
		Debug|Any CPU = Debug|Any CPU
		Release|Any CPU = Release|Any CPU
	EndGlobalSection
	GlobalSection(ProjectConfigurationPlatforms) = postSolution
		{D24FF102-860F-4E70-B86A-68881BE26E2C}.Debug|Any CPU.ActiveCfg = Debug|Any CPU
		{D24FF102-860F-4E70-B86A-68881BE26E2C}.Debug|Any CPU.Build.0 = Debug|Any CPU
		{D24FF102-860F-4E70-B86A-68881BE26E2C}.Release|Any CPU.ActiveCfg = Release|Any CPU
		{D24FF102-860F-4E70-B86A-68881BE26E2C}.Release|Any CPU.Build.0 = Release|Any CPU
	EndGlobalSection
	GlobalSection(SolutionProperties) = preSolution
		HideSolutionNode = FALSE
	EndGlobalSection
	GlobalSection(ExtensibilityGlobals) = postSolution
		SolutionGuid = {7CFC4BDA-2597-462D-B920-26FEAC7816E7}
	EndGlobalSection
EndGlobal
