
Microsoft Visual Studio Solution File, Format Version 12.00
# Visual Studio Version 16
VisualStudioVersion = 16.0.31205.134
MinimumVisualStudioVersion = 10.0.40219.1
Project("{FAE04EC0-301F-11D3-BF4B-00C04F79EFBC}") = "Exe09_122", "Exe09_122\Exe09_122.csproj", "{60625121-A16D-462C-BA58-A4CE44A01E42}"
EndProject
Global
	GlobalSection(SolutionConfigurationPlatforms) = preSolution
		Debug|Any CPU = Debug|Any CPU
		Release|Any CPU = Release|Any CPU
	EndGlobalSection
	GlobalSection(ProjectConfigurationPlatforms) = postSolution
		{60625121-A16D-462C-BA58-A4CE44A01E42}.Debug|Any CPU.ActiveCfg = Debug|Any CPU
		{60625121-A16D-462C-BA58-A4CE44A01E42}.Debug|Any CPU.Build.0 = Debug|Any CPU
		{60625121-A16D-462C-BA58-A4CE44A01E42}.Release|Any CPU.ActiveCfg = Release|Any CPU
		{60625121-A16D-462C-BA58-A4CE44A01E42}.Release|Any CPU.Build.0 = Release|Any CPU
	EndGlobalSection
	GlobalSection(SolutionProperties) = preSolution
		HideSolutionNode = FALSE
	EndGlobalSection
	GlobalSection(ExtensibilityGlobals) = postSolution
		SolutionGuid = {7FF3332B-C82E-4EF1-9B0E-DCFBD09A785B}
	EndGlobalSection
EndGlobal
