
Microsoft Visual Studio Solution File, Format Version 12.00
# Visual Studio Version 16
VisualStudioVersion = 16.0.31205.134
MinimumVisualStudioVersion = 10.0.40219.1
Project("{FAE04EC0-301F-11D3-BF4B-00C04F79EFBC}") = "Exe09_123", "Exe09_123\Exe09_123.csproj", "{24D6DD0F-6223-4E77-B666-278C851E38A2}"
EndProject
Global
	GlobalSection(SolutionConfigurationPlatforms) = preSolution
		Debug|Any CPU = Debug|Any CPU
		Release|Any CPU = Release|Any CPU
	EndGlobalSection
	GlobalSection(ProjectConfigurationPlatforms) = postSolution
		{24D6DD0F-6223-4E77-B666-278C851E38A2}.Debug|Any CPU.ActiveCfg = Debug|Any CPU
		{24D6DD0F-6223-4E77-B666-278C851E38A2}.Debug|Any CPU.Build.0 = Debug|Any CPU
		{24D6DD0F-6223-4E77-B666-278C851E38A2}.Release|Any CPU.ActiveCfg = Release|Any CPU
		{24D6DD0F-6223-4E77-B666-278C851E38A2}.Release|Any CPU.Build.0 = Release|Any CPU
	EndGlobalSection
	GlobalSection(SolutionProperties) = preSolution
		HideSolutionNode = FALSE
	EndGlobalSection
	GlobalSection(ExtensibilityGlobals) = postSolution
		SolutionGuid = {21AD6CB2-CBD6-4505-A684-D2D686DD7ADE}
	EndGlobalSection
EndGlobal
